
Microsoft Visual Studio Solution File, Format Version 12.00
# Visual Studio Version 16
VisualStudioVersion = 16.0.30114.105
MinimumVisualStudioVersion = 10.0.40219.1
Project("{FAE04EC0-301F-11D3-BF4B-00C04F79EFBC}") = "CircleArea", "CircleArea\CircleArea.csproj", "{47D66D87-E1EF-4A0D-987D-AFDED3C8E16A}"
EndProject
Project("{FAE04EC0-301F-11D3-BF4B-00C04F79EFBC}") = "CircleArea.Tests", "CircleArea.Tests\CircleArea.Tests.csproj", "{C86D3FC4-ABC3-4E59-81DF-DF342BAF5382}"
EndProject
Global
	GlobalSection(SolutionConfigurationPlatforms) = preSolution
		Debug|Any CPU = Debug|Any CPU
		Release|Any CPU = Release|Any CPU
	EndGlobalSection
	GlobalSection(SolutionProperties) = preSolution
		HideSolutionNode = FALSE
	EndGlobalSection
	GlobalSection(ProjectConfigurationPlatforms) = postSolution
		{47D66D87-E1EF-4A0D-987D-AFDED3C8E16A}.Debug|Any CPU.ActiveCfg = Debug|Any CPU
		{47D66D87-E1EF-4A0D-987D-AFDED3C8E16A}.Debug|Any CPU.Build.0 = Debug|Any CPU
		{47D66D87-E1EF-4A0D-987D-AFDED3C8E16A}.Release|Any CPU.ActiveCfg = Release|Any CPU
		{47D66D87-E1EF-4A0D-987D-AFDED3C8E16A}.Release|Any CPU.Build.0 = Release|Any CPU
		{C86D3FC4-ABC3-4E59-81DF-DF342BAF5382}.Debug|Any CPU.ActiveCfg = Debug|Any CPU
		{C86D3FC4-ABC3-4E59-81DF-DF342BAF5382}.Debug|Any CPU.Build.0 = Debug|Any CPU
		{C86D3FC4-ABC3-4E59-81DF-DF342BAF5382}.Release|Any CPU.ActiveCfg = Release|Any CPU
		{C86D3FC4-ABC3-4E59-81DF-DF342BAF5382}.Release|Any CPU.Build.0 = Release|Any CPU
	EndGlobalSection
EndGlobal
